<Solution>
  <Configurations>
    <Platform Name="Any CPU" />
    <Platform Name="x64" />
    <Platform Name="x86" />
  </Configurations>
  <Folder Name="/benchmarks/">
    <Project Path="benchmarks/TerraPDF.Benchmarks/TerraPDF.Benchmarks.csproj" />
    <Project Path="benchmarks/TerraPDF.Throughput/TerraPDF.Throughput.csproj" />
  </Folder>
  <Folder Name="/samples/">
    <Project Path="samples/TerraPDF.Sample/TerraPDF.Sample.csproj" />
  </Folder>
  <Folder Name="/src/">
    <Project Path="src/TerraPDF/TerraPDF.csproj" />
    <Project Path="src/TerraPDF.Agents/TerraPDF.Agents.csproj" />
    <Project Path="src/TerraPDF.Mcp/TerraPDF.Mcp.csproj" />
  </Folder>
  <Folder Name="/tests/">
    <Project Path="tests/TerraPDF.Agents.Tests/TerraPDF.Agents.Tests.csproj" />
    <Project Path="tests/TerraPDF.Tests/TerraPDF.Tests.csproj" />
  </Folder>
</Solution>
